<?xml version="1.0" encoding="utf-8"?>
<Project ToolsVersion="4.0" xmlns="http://schemas.microsoft.com/developer/msbuild/2003">
  <ItemGroup>
    <Filter Include="Source Files">
      <UniqueIdentifier>{4FC737F1-C7A5-4376-A066-2A32D752A2FF}</UniqueIdentifier>
      <Extensions>cpp;c;cc;cxx;def;odl;idl;hpj;bat;asm;asmx</Extensions>
    </Filter>
    <Filter Include="Header Files">
      <UniqueIdentifier>{93995380-89BD-4b04-88EB-625FBE52EBFB}</UniqueIdentifier>
      <Extensions>h;hh;hpp;hxx;hm;inl;inc;xsd</Extensions>
    </Filter>
    <Filter Include="Resource Files">
      <UniqueIdentifier>{67DA6AB6-F800-4c08-8B7A-83BB121AAD01}</UniqueIdentifier>
      <Extensions>rc;ico;cur;bmp;dlg;rc2;rct;bin;rgs;gif;jpg;jpeg;jpe;resx;tiff;tif;png;wav;mfcribbon-ms</Extensions>
    </Filter>
    <Filter Include="Network">
      <UniqueIdentifier>{0a9b2234-352a-4a0a-b44e-046462176c7a}</UniqueIdentifier>
    </Filter>
    <Filter Include="Common">
      <UniqueIdentifier>{03133d6d-cedf-4e6e-9221-b68fc274a9cf}</UniqueIdentifier>
    </Filter>
  </ItemGroup>
  <ItemGroup>
    <Text Include="ReadMe.txt" />
  </ItemGroup>
  <ItemGroup>
    <ClInclude Include="stdafx.h">
      <Filter>Header Files</Filter>
    </ClInclude>
    <ClInclude Include="targetver.h">
      <Filter>Header Files</Filter>
    </ClInclude>
    <ClInclude Include="Resource.h">
      <Filter>Header Files</Filter>
    </ClInclude>
    <ClInclude Include="..\Network\packetqueue.h">
      <Filter>Network</Filter>
    </ClInclude>
    <ClInclude Include="..\Network\protocol.h">
      <Filter>Network</Filter>
    </ClInclude>
    <ClInclude Include="..\Network\session.h">
      <Filter>Network</Filter>
    </ClInclude>
    <ClInclude Include="..\Network\tcpclient.h">
      <Filter>Network</Filter>
    </ClInclude>
    <ClInclude Include="..\Network\tcpserver.h">
      <Filter>Network</Filter>
    </ClInclude>
    <ClInclude Include="..\Network\udpclient.h">
      <Filter>Network</Filter>
    </ClInclude>
    <ClInclude Include="..\Network\udpserver.h">
      <Filter>Network</Filter>
    </ClInclude>
    <ClInclude Include="..\Network\launcher.h">
      <Filter>Network</Filter>
    </ClInclude>
    <ClInclude Include="..\Network\network.h">
      <Filter>Network</Filter>
    </ClInclude>
    <ClInclude Include="..\Common\ImageFrameWnd.h">
      <Filter>Common</Filter>
    </ClInclude>
    <ClInclude Include="..\Common\dxcapture.h">
      <Filter>Common</Filter>
    </ClInclude>
    <ClInclude Include="..\Common\dxcaptureutil.h">
      <Filter>Common</Filter>
    </ClInclude>
    <ClInclude Include="..\Common\streaming.h">
      <Filter>Common</Filter>
    </ClInclude>
    <ClInclude Include="..\Common\opencvgdiplus.h">
      <Filter>Common</Filter>
    </ClInclude>
    <ClInclude Include="..\Common\streamingsender.h">
      <Filter>Common</Filter>
    </ClInclude>
    <ClInclude Include="..\Common\streamingreceiver.h">
      <Filter>Common</Filter>
    </ClInclude>
    <ClInclude Include="..\Common\global.h">
      <Filter>Common</Filter>
    </ClInclude>
  </ItemGroup>
  <ItemGroup>
    <ClCompile Include="stdafx.cpp">
      <Filter>Source Files</Filter>
    </ClCompile>
    <ClCompile Include="ServerApp.cpp">
      <Filter>Source Files</Filter>
    </ClCompile>
    <ClCompile Include="..\Network\session.cpp">
      <Filter>Network</Filter>
    </ClCompile>
    <ClCompile Include="..\Network\tcpclient.cpp">
      <Filter>Network</Filter>
    </ClCompile>
    <ClCompile Include="..\Network\tcpserver.cpp">
      <Filter>Network</Filter>
    </ClCompile>
    <ClCompile Include="..\Network\udpclient.cpp">
      <Filter>Network</Filter>
    </ClCompile>
    <ClCompile Include="..\Network\udpserver.cpp">
      <Filter>Network</Filter>
    </ClCompile>
    <ClCompile Include="..\Network\launcher.cpp">
      <Filter>Network</Filter>
    </ClCompile>
    <ClCompile Include="..\Network\packetqueue.cpp">
      <Filter>Network</Filter>
    </ClCompile>
    <ClCompile Include="..\Common\ImageFrameWnd.cpp">
      <Filter>Common</Filter>
    </ClCompile>
    <ClCompile Include="..\Common\dxcapture.cpp">
      <Filter>Common</Filter>
    </ClCompile>
    <ClCompile Include="..\Common\dxcaptureutil.cpp">
      <Filter>Common</Filter>
    </ClCompile>
    <ClCompile Include="..\Common\opencvgdiplus.cpp">
      <Filter>Common</Filter>
    </ClCompile>
    <ClCompile Include="..\Common\streamingsender.cpp">
      <Filter>Common</Filter>
    </ClCompile>
    <ClCompile Include="..\Common\streamingreceiver.cpp">
      <Filter>Common</Filter>
    </ClCompile>
  </ItemGroup>
  <ItemGroup>
    <ResourceCompile Include="Server.rc">
      <Filter>Resource Files</Filter>
    </ResourceCompile>
  </ItemGroup>
  <ItemGroup>
    <None Include="res\Server.rc2">
      <Filter>Resource Files</Filter>
    </None>
  </ItemGroup>
  <ItemGroup>
    <Image Include="res\Server.ico">
      <Filter>Resource Files</Filter>
    </Image>
  </ItemGroup>
</Project>