
Microsoft Visual Studio Solution File, Format Version 12.00
# Visual Studio 14
VisualStudioVersion = 14.0.25420.1
MinimumVisualStudioVersion = 10.0.40219.1
Project("{8BC9CEB8-8B4A-11D0-8D11-00A0C91BC942}") = "Server", "Server\Server.vcxproj", "{571F7583-086D-42C2-AC78-40817D78C845}"
EndProject
Project("{8BC9CEB8-8B4A-11D0-8D11-00A0C91BC942}") = "Common", "..\..\..\Common\Common\Common.vcxproj", "{EF9CA22D-0C8F-42E9-AB66-98BC1A640F10}"
EndProject
Project("{8BC9CEB8-8B4A-11D0-8D11-00A0C91BC942}") = "Network", "..\..\..\Common\Network\Network.vcxproj", "{A202AA06-F0EE-4B05-86DE-DA63B9F146D4}"
EndProject
Project("{8BC9CEB8-8B4A-11D0-8D11-00A0C91BC942}") = "CamCommon", "..\..\..\Common\CamCommon\CamCommon.vcxproj", "{5FB1736A-E9FB-448C-8A8A-4C30A90CD87C}"
EndProject
Project("{8BC9CEB8-8B4A-11D0-8D11-00A0C91BC942}") = "Tess", "..\..\..\Common\Tess\Tess.vcxproj", "{47690DCF-2B63-432D-AD3A-A2D2FF775B2C}"
EndProject
Project("{8BC9CEB8-8B4A-11D0-8D11-00A0C91BC942}") = "Client", "Client\Client.vcxproj", "{2ABF0191-CE19-4B94-80ED-EF3951F275EB}"
EndProject
Global
	GlobalSection(SolutionConfigurationPlatforms) = preSolution
		Debug_DLL|x64 = Debug_DLL|x64
		Debug_DLL|x86 = Debug_DLL|x86
		Debug|x64 = Debug|x64
		Debug|x86 = Debug|x86
		Release_DLL|x64 = Release_DLL|x64
		Release_DLL|x86 = Release_DLL|x86
		Release|x64 = Release|x64
		Release|x86 = Release|x86
	EndGlobalSection
	GlobalSection(ProjectConfigurationPlatforms) = postSolution
		{571F7583-086D-42C2-AC78-40817D78C845}.Debug_DLL|x64.ActiveCfg = Debug|x64
		{571F7583-086D-42C2-AC78-40817D78C845}.Debug_DLL|x64.Build.0 = Debug|x64
		{571F7583-086D-42C2-AC78-40817D78C845}.Debug_DLL|x86.ActiveCfg = Debug|Win32
		{571F7583-086D-42C2-AC78-40817D78C845}.Debug_DLL|x86.Build.0 = Debug|Win32
		{571F7583-086D-42C2-AC78-40817D78C845}.Debug|x64.ActiveCfg = Debug|x64
		{571F7583-086D-42C2-AC78-40817D78C845}.Debug|x64.Build.0 = Debug|x64
		{571F7583-086D-42C2-AC78-40817D78C845}.Debug|x86.ActiveCfg = Debug|Win32
		{571F7583-086D-42C2-AC78-40817D78C845}.Debug|x86.Build.0 = Debug|Win32
		{571F7583-086D-42C2-AC78-40817D78C845}.Release_DLL|x64.ActiveCfg = Release|x64
		{571F7583-086D-42C2-AC78-40817D78C845}.Release_DLL|x64.Build.0 = Release|x64
		{571F7583-086D-42C2-AC78-40817D78C845}.Release_DLL|x86.ActiveCfg = Release|Win32
		{571F7583-086D-42C2-AC78-40817D78C845}.Release_DLL|x86.Build.0 = Release|Win32
		{571F7583-086D-42C2-AC78-40817D78C845}.Release|x64.ActiveCfg = Release|x64
		{571F7583-086D-42C2-AC78-40817D78C845}.Release|x64.Build.0 = Release|x64
		{571F7583-086D-42C2-AC78-40817D78C845}.Release|x86.ActiveCfg = Release|Win32
		{571F7583-086D-42C2-AC78-40817D78C845}.Release|x86.Build.0 = Release|Win32
		{EF9CA22D-0C8F-42E9-AB66-98BC1A640F10}.Debug_DLL|x64.ActiveCfg = Debug_DLL|x64
		{EF9CA22D-0C8F-42E9-AB66-98BC1A640F10}.Debug_DLL|x64.Build.0 = Debug_DLL|x64
		{EF9CA22D-0C8F-42E9-AB66-98BC1A640F10}.Debug_DLL|x86.ActiveCfg = Debug_DLL|Win32
		{EF9CA22D-0C8F-42E9-AB66-98BC1A640F10}.Debug_DLL|x86.Build.0 = Debug_DLL|Win32
		{EF9CA22D-0C8F-42E9-AB66-98BC1A640F10}.Debug|x64.ActiveCfg = Debug|x64
		{EF9CA22D-0C8F-42E9-AB66-98BC1A640F10}.Debug|x64.Build.0 = Debug|x64
		{EF9CA22D-0C8F-42E9-AB66-98BC1A640F10}.Debug|x86.ActiveCfg = Debug|Win32
		{EF9CA22D-0C8F-42E9-AB66-98BC1A640F10}.Debug|x86.Build.0 = Debug|Win32
		{EF9CA22D-0C8F-42E9-AB66-98BC1A640F10}.Release_DLL|x64.ActiveCfg = Release_DLL|x64
		{EF9CA22D-0C8F-42E9-AB66-98BC1A640F10}.Release_DLL|x64.Build.0 = Release_DLL|x64
		{EF9CA22D-0C8F-42E9-AB66-98BC1A640F10}.Release_DLL|x86.ActiveCfg = Release_DLL|Win32
		{EF9CA22D-0C8F-42E9-AB66-98BC1A640F10}.Release_DLL|x86.Build.0 = Release_DLL|Win32
		{EF9CA22D-0C8F-42E9-AB66-98BC1A640F10}.Release|x64.ActiveCfg = Release|x64
		{EF9CA22D-0C8F-42E9-AB66-98BC1A640F10}.Release|x64.Build.0 = Release|x64
		{EF9CA22D-0C8F-42E9-AB66-98BC1A640F10}.Release|x86.ActiveCfg = Release|Win32
		{EF9CA22D-0C8F-42E9-AB66-98BC1A640F10}.Release|x86.Build.0 = Release|Win32
		{A202AA06-F0EE-4B05-86DE-DA63B9F146D4}.Debug_DLL|x64.ActiveCfg = Debug_DLL|x64
		{A202AA06-F0EE-4B05-86DE-DA63B9F146D4}.Debug_DLL|x64.Build.0 = Debug_DLL|x64
		{A202AA06-F0EE-4B05-86DE-DA63B9F146D4}.Debug_DLL|x86.ActiveCfg = Debug_DLL|Win32
		{A202AA06-F0EE-4B05-86DE-DA63B9F146D4}.Debug_DLL|x86.Build.0 = Debug_DLL|Win32
		{A202AA06-F0EE-4B05-86DE-DA63B9F146D4}.Debug|x64.ActiveCfg = Debug|x64
		{A202AA06-F0EE-4B05-86DE-DA63B9F146D4}.Debug|x64.Build.0 = Debug|x64
		{A202AA06-F0EE-4B05-86DE-DA63B9F146D4}.Debug|x86.ActiveCfg = Debug|Win32
		{A202AA06-F0EE-4B05-86DE-DA63B9F146D4}.Debug|x86.Build.0 = Debug|Win32
		{A202AA06-F0EE-4B05-86DE-DA63B9F146D4}.Release_DLL|x64.ActiveCfg = Release_DLL|x64
		{A202AA06-F0EE-4B05-86DE-DA63B9F146D4}.Release_DLL|x64.Build.0 = Release_DLL|x64
		{A202AA06-F0EE-4B05-86DE-DA63B9F146D4}.Release_DLL|x86.ActiveCfg = Release_DLL|Win32
		{A202AA06-F0EE-4B05-86DE-DA63B9F146D4}.Release_DLL|x86.Build.0 = Release_DLL|Win32
		{A202AA06-F0EE-4B05-86DE-DA63B9F146D4}.Release|x64.ActiveCfg = Release|x64
		{A202AA06-F0EE-4B05-86DE-DA63B9F146D4}.Release|x64.Build.0 = Release|x64
		{A202AA06-F0EE-4B05-86DE-DA63B9F146D4}.Release|x86.ActiveCfg = Release|Win32
		{A202AA06-F0EE-4B05-86DE-DA63B9F146D4}.Release|x86.Build.0 = Release|Win32
		{5FB1736A-E9FB-448C-8A8A-4C30A90CD87C}.Debug_DLL|x64.ActiveCfg = Debug_DLL|x64
		{5FB1736A-E9FB-448C-8A8A-4C30A90CD87C}.Debug_DLL|x64.Build.0 = Debug_DLL|x64
		{5FB1736A-E9FB-448C-8A8A-4C30A90CD87C}.Debug_DLL|x86.ActiveCfg = Debug_DLL|Win32
		{5FB1736A-E9FB-448C-8A8A-4C30A90CD87C}.Debug_DLL|x86.Build.0 = Debug_DLL|Win32
		{5FB1736A-E9FB-448C-8A8A-4C30A90CD87C}.Debug|x64.ActiveCfg = Debug|x64
		{5FB1736A-E9FB-448C-8A8A-4C30A90CD87C}.Debug|x64.Build.0 = Debug|x64
		{5FB1736A-E9FB-448C-8A8A-4C30A90CD87C}.Debug|x86.ActiveCfg = Debug|Win32
		{5FB1736A-E9FB-448C-8A8A-4C30A90CD87C}.Debug|x86.Build.0 = Debug|Win32
		{5FB1736A-E9FB-448C-8A8A-4C30A90CD87C}.Release_DLL|x64.ActiveCfg = Release_DLL|x64
		{5FB1736A-E9FB-448C-8A8A-4C30A90CD87C}.Release_DLL|x64.Build.0 = Release_DLL|x64
		{5FB1736A-E9FB-448C-8A8A-4C30A90CD87C}.Release_DLL|x86.ActiveCfg = Release_DLL|Win32
		{5FB1736A-E9FB-448C-8A8A-4C30A90CD87C}.Release_DLL|x86.Build.0 = Release_DLL|Win32
		{5FB1736A-E9FB-448C-8A8A-4C30A90CD87C}.Release|x64.ActiveCfg = Release|x64
		{5FB1736A-E9FB-448C-8A8A-4C30A90CD87C}.Release|x64.Build.0 = Release|x64
		{5FB1736A-E9FB-448C-8A8A-4C30A90CD87C}.Release|x86.ActiveCfg = Release|Win32
		{5FB1736A-E9FB-448C-8A8A-4C30A90CD87C}.Release|x86.Build.0 = Release|Win32
		{47690DCF-2B63-432D-AD3A-A2D2FF775B2C}.Debug_DLL|x64.ActiveCfg = Debug|x64
		{47690DCF-2B63-432D-AD3A-A2D2FF775B2C}.Debug_DLL|x64.Build.0 = Debug|x64
		{47690DCF-2B63-432D-AD3A-A2D2FF775B2C}.Debug_DLL|x86.ActiveCfg = Debug|Win32
		{47690DCF-2B63-432D-AD3A-A2D2FF775B2C}.Debug_DLL|x86.Build.0 = Debug|Win32
		{47690DCF-2B63-432D-AD3A-A2D2FF775B2C}.Debug|x64.ActiveCfg = Debug|x64
		{47690DCF-2B63-432D-AD3A-A2D2FF775B2C}.Debug|x64.Build.0 = Debug|x64
		{47690DCF-2B63-432D-AD3A-A2D2FF775B2C}.Debug|x86.ActiveCfg = Debug|Win32
		{47690DCF-2B63-432D-AD3A-A2D2FF775B2C}.Debug|x86.Build.0 = Debug|Win32
		{47690DCF-2B63-432D-AD3A-A2D2FF775B2C}.Release_DLL|x64.ActiveCfg = Release|x64
		{47690DCF-2B63-432D-AD3A-A2D2FF775B2C}.Release_DLL|x64.Build.0 = Release|x64
		{47690DCF-2B63-432D-AD3A-A2D2FF775B2C}.Release_DLL|x86.ActiveCfg = Release|Win32
		{47690DCF-2B63-432D-AD3A-A2D2FF775B2C}.Release_DLL|x86.Build.0 = Release|Win32
		{47690DCF-2B63-432D-AD3A-A2D2FF775B2C}.Release|x64.ActiveCfg = Release|x64
		{47690DCF-2B63-432D-AD3A-A2D2FF775B2C}.Release|x64.Build.0 = Release|x64
		{47690DCF-2B63-432D-AD3A-A2D2FF775B2C}.Release|x86.ActiveCfg = Release|Win32
		{47690DCF-2B63-432D-AD3A-A2D2FF775B2C}.Release|x86.Build.0 = Release|Win32
		{2ABF0191-CE19-4B94-80ED-EF3951F275EB}.Debug_DLL|x64.ActiveCfg = Debug|x64
		{2ABF0191-CE19-4B94-80ED-EF3951F275EB}.Debug_DLL|x64.Build.0 = Debug|x64
		{2ABF0191-CE19-4B94-80ED-EF3951F275EB}.Debug_DLL|x86.ActiveCfg = Debug|Win32
		{2ABF0191-CE19-4B94-80ED-EF3951F275EB}.Debug_DLL|x86.Build.0 = Debug|Win32
		{2ABF0191-CE19-4B94-80ED-EF3951F275EB}.Debug|x64.ActiveCfg = Debug|x64
		{2ABF0191-CE19-4B94-80ED-EF3951F275EB}.Debug|x64.Build.0 = Debug|x64
		{2ABF0191-CE19-4B94-80ED-EF3951F275EB}.Debug|x86.ActiveCfg = Debug|Win32
		{2ABF0191-CE19-4B94-80ED-EF3951F275EB}.Debug|x86.Build.0 = Debug|Win32
		{2ABF0191-CE19-4B94-80ED-EF3951F275EB}.Release_DLL|x64.ActiveCfg = Release|x64
		{2ABF0191-CE19-4B94-80ED-EF3951F275EB}.Release_DLL|x64.Build.0 = Release|x64
		{2ABF0191-CE19-4B94-80ED-EF3951F275EB}.Release_DLL|x86.ActiveCfg = Release|Win32
		{2ABF0191-CE19-4B94-80ED-EF3951F275EB}.Release_DLL|x86.Build.0 = Release|Win32
		{2ABF0191-CE19-4B94-80ED-EF3951F275EB}.Release|x64.ActiveCfg = Release|x64
		{2ABF0191-CE19-4B94-80ED-EF3951F275EB}.Release|x64.Build.0 = Release|x64
		{2ABF0191-CE19-4B94-80ED-EF3951F275EB}.Release|x86.ActiveCfg = Release|Win32
		{2ABF0191-CE19-4B94-80ED-EF3951F275EB}.Release|x86.Build.0 = Release|Win32
	EndGlobalSection
	GlobalSection(SolutionProperties) = preSolution
		HideSolutionNode = FALSE
	EndGlobalSection
EndGlobal
